
Microsoft Visual Studio Solution File, Format Version 12.00
# Visual Studio Version 17
VisualStudioVersion = 17.3.32901.215
MinimumVisualStudioVersion = 10.0.40219.1
Project("{FAE04EC0-301F-11D3-BF4B-00C04F79EFBC}") = "ClasseObjetos", "ClasseObjetos\ClasseObjetos.csproj", "{6DD0A5F5-5041-40A6-BAB2-97937BFBA9FF}"
EndProject
Project("{FAE04EC0-301F-11D3-BF4B-00C04F79EFBC}") = "MetodoDasClasses", "MetodoDasClasses\MetodoDasClasses.csproj", "{536C7A82-5987-40C3-B261-251B4506E4F9}"
EndProject
Project("{FAE04EC0-301F-11D3-BF4B-00C04F79EFBC}") = "TermoThis", "TermoThis\TermoThis.csproj", "{DFC57EC0-2159-456F-A3AC-87D43D4E579D}"
EndProject
Project("{FAE04EC0-301F-11D3-BF4B-00C04F79EFBC}") = "TipoDelegate", "TipoDelegate\TipoDelegate.csproj", "{A2EED15D-717E-4F72-ABA5-A0E461EE09EB}"
EndProject
Project("{FAE04EC0-301F-11D3-BF4B-00C04F79EFBC}") = "MetodoConstrutor", "MetodoConstrutor\MetodoConstrutor.csproj", "{38518D8B-2BFD-4F2C-B645-FC6A88B78E14}"
EndProject
Global
	GlobalSection(SolutionConfigurationPlatforms) = preSolution
		Debug|Any CPU = Debug|Any CPU
		Release|Any CPU = Release|Any CPU
	EndGlobalSection
	GlobalSection(ProjectConfigurationPlatforms) = postSolution
		{6DD0A5F5-5041-40A6-BAB2-97937BFBA9FF}.Debug|Any CPU.ActiveCfg = Debug|Any CPU
		{6DD0A5F5-5041-40A6-BAB2-97937BFBA9FF}.Debug|Any CPU.Build.0 = Debug|Any CPU
		{6DD0A5F5-5041-40A6-BAB2-97937BFBA9FF}.Release|Any CPU.ActiveCfg = Release|Any CPU
		{6DD0A5F5-5041-40A6-BAB2-97937BFBA9FF}.Release|Any CPU.Build.0 = Release|Any CPU
		{536C7A82-5987-40C3-B261-251B4506E4F9}.Debug|Any CPU.ActiveCfg = Debug|Any CPU
		{536C7A82-5987-40C3-B261-251B4506E4F9}.Debug|Any CPU.Build.0 = Debug|Any CPU
		{536C7A82-5987-40C3-B261-251B4506E4F9}.Release|Any CPU.ActiveCfg = Release|Any CPU
		{536C7A82-5987-40C3-B261-251B4506E4F9}.Release|Any CPU.Build.0 = Release|Any CPU
		{DFC57EC0-2159-456F-A3AC-87D43D4E579D}.Debug|Any CPU.ActiveCfg = Debug|Any CPU
		{DFC57EC0-2159-456F-A3AC-87D43D4E579D}.Debug|Any CPU.Build.0 = Debug|Any CPU
		{DFC57EC0-2159-456F-A3AC-87D43D4E579D}.Release|Any CPU.ActiveCfg = Release|Any CPU
		{DFC57EC0-2159-456F-A3AC-87D43D4E579D}.Release|Any CPU.Build.0 = Release|Any CPU
		{A2EED15D-717E-4F72-ABA5-A0E461EE09EB}.Debug|Any CPU.ActiveCfg = Debug|Any CPU
		{A2EED15D-717E-4F72-ABA5-A0E461EE09EB}.Debug|Any CPU.Build.0 = Debug|Any CPU
		{A2EED15D-717E-4F72-ABA5-A0E461EE09EB}.Release|Any CPU.ActiveCfg = Release|Any CPU
		{A2EED15D-717E-4F72-ABA5-A0E461EE09EB}.Release|Any CPU.Build.0 = Release|Any CPU
		{38518D8B-2BFD-4F2C-B645-FC6A88B78E14}.Debug|Any CPU.ActiveCfg = Debug|Any CPU
		{38518D8B-2BFD-4F2C-B645-FC6A88B78E14}.Debug|Any CPU.Build.0 = Debug|Any CPU
		{38518D8B-2BFD-4F2C-B645-FC6A88B78E14}.Release|Any CPU.ActiveCfg = Release|Any CPU
		{38518D8B-2BFD-4F2C-B645-FC6A88B78E14}.Release|Any CPU.Build.0 = Release|Any CPU
	EndGlobalSection
	GlobalSection(SolutionProperties) = preSolution
		HideSolutionNode = FALSE
	EndGlobalSection
	GlobalSection(ExtensibilityGlobals) = postSolution
		SolutionGuid = {1F414C6F-6AA9-4AEF-824D-C13BB12FD1CB}
	EndGlobalSection
EndGlobal
